
Microsoft Visual Studio Solution File, Format Version 12.00
# Visual Studio Version 16
VisualStudioVersion = 16.0.31321.278
MinimumVisualStudioVersion = 10.0.40219.1
Project("{2150E333-8FDC-42A3-9474-1A3956D46DE8}") = "BepInEx", "BepInEx", "{F0F1F8C9-6B3C-4726-AD96-E75387C94ACA}"
EndProject
Project("{2150E333-8FDC-42A3-9474-1A3956D46DE8}") = "MelonLoader", "MelonLoader", "{376C2A90-46D6-4AB0-941B-7B4B52B2E697}"
EndProject
Project("{2150E333-8FDC-42A3-9474-1A3956D46DE8}") = "Valheim", "Valheim", "{BE617016-F119-4B46-8DC9-BDD318CC3E49}"
EndProject
Project("{2150E333-8FDC-42A3-9474-1A3956D46DE8}") = "Bloons Tower Defense 6", "Bloons Tower Defense 6", "{4A2CF83C-7A29-4CC7-AB00-997C9899050D}"
EndProject
Project("{FAE04EC0-301F-11D3-BF4B-00C04F79EFBC}") = "Valheim Zero Two Hair", "Mods\BepInEx\Valheim\Up To Date\Valheim Zero Two Hair\Valheim Zero Two Hair.csproj", "{B30870F3-79C5-4FAB-890F-01B2CC9926B0}"
EndProject
Project("{FAE04EC0-301F-11D3-BF4B-00C04F79EFBC}") = "Valheim Women With Beards", "Mods\BepInEx\Valheim\Up To Date\Valheim Women With Beards\Valheim Women With Beards.csproj", "{B9840C9D-480E-4A5F-809E-CC8BB0C15EEE}"
EndProject
Project("{FAE04EC0-301F-11D3-BF4B-00C04F79EFBC}") = "Valheim Minecraft Steve Hairstyle", "Mods\BepInEx\Valheim\Up To Date\Valheim Minecraft Steve Hairstyle\Valheim Minecraft Steve Hairstyle.csproj", "{E7598DCC-A037-436A-A5AA-FC790027E7A0}"
EndProject
Project("{FAE04EC0-301F-11D3-BF4B-00C04F79EFBC}") = "BTD6 All Trophy Store Items Unlocker", "Mods\MelonLoader\Bloons Tower Defense 6\Up To Date\BTD6 All Trophy Store Items Unlocker\BTD6 All Trophy Store Items Unlocker.csproj", "{212FB473-559B-4948-A0CA-1456C0A5A79A}"
EndProject
Project("{2150E333-8FDC-42A3-9474-1A3956D46DE8}") = "Phasmophobia", "Phasmophobia", "{59FEEE29-8310-4C7F-8668-051FE7718FDB}"
EndProject
Project("{FAE04EC0-301F-11D3-BF4B-00C04F79EFBC}") = "Suicide", "Mods\MelonLoader\Phasmophobia\Outdated\Suicide\Suicide.csproj", "{B5B63DFB-AD87-40DC-86A7-1C50CECFC939}"
EndProject
Project("{FAE04EC0-301F-11D3-BF4B-00C04F79EFBC}") = "0 sanity", "Mods\MelonLoader\Phasmophobia\Outdated\0 sanity\0 sanity.csproj", "{E927CF0C-1BE4-4344-8FC7-B815844C5E4D}"
EndProject
Project("{2150E333-8FDC-42A3-9474-1A3956D46DE8}") = "Up to Date", "Up to Date", "{A643DF52-2371-4047-8D69-2A6D2019112A}"
EndProject
Project("{2150E333-8FDC-42A3-9474-1A3956D46DE8}") = "Outdated", "Outdated", "{A641D7FB-ACB4-40D9-B8C1-56E40ADDB2D0}"
EndProject
Project("{FAE04EC0-301F-11D3-BF4B-00C04F79EFBC}") = "BTD6 Free Towers", "Mods\MelonLoader\Bloons Tower Defense 6\Up To Date\BTD6 Free Towers\BTD6 Free Towers.csproj", "{47C90BCA-8340-4A74-8462-2EE2EC0E0EDB}"
EndProject
Project("{FAE04EC0-301F-11D3-BF4B-00C04F79EFBC}") = "BTD6 Discord RPC", "Mods\MelonLoader\Bloons Tower Defense 6\Outdated\BTD6 Discord RPC\BTD6 Discord RPC.csproj", "{9060D923-4A66-4468-A6A1-EB76B7CCB9B1}"
EndProject
Project("{FAE04EC0-301F-11D3-BF4B-00C04F79EFBC}") = "BTD6 No Leak Damage", "Mods\MelonLoader\Bloons Tower Defense 6\Up To Date\BTD6 No Leak Damage\BTD6 No Leak Damage.csproj", "{7DA4F7CF-F13A-4942-AB04-44FB1F6678E2}"
EndProject
Project("{FAE04EC0-301F-11D3-BF4B-00C04F79EFBC}") = "BTD6 Golden Bloon In Sandbox", "Mods\MelonLoader\Bloons Tower Defense 6\Up To Date\BTD6 Golden Bloon In Sandbox\BTD6 Golden Bloon In Sandbox.csproj", "{2E0C2CC7-99AB-44DA-A3BF-14BB2A260436}"
EndProject
Project("{FAE04EC0-301F-11D3-BF4B-00C04F79EFBC}") = "BTD6 Golden Bloon On Every Round", "Mods\MelonLoader\Bloons Tower Defense 6\Up To Date\BTD6 Golden Bloon On Every Round\BTD6 Golden Bloon On Every Round.csproj", "{83EB4046-5C4D-44E2-9D55-98A663FF95B2}"
EndProject
Project("{FAE04EC0-301F-11D3-BF4B-00C04F79EFBC}") = "BTD6 Energy Sentry In Shop", "Mods\MelonLoader\Bloons Tower Defense 6\Up To Date\BTD6 Energy Sentry In Shop\BTD6 Energy Sentry In Shop.csproj", "{77BC65E2-F2B4-4703-8A95-6EEC24BC5403}"
EndProject
Project("{FAE04EC0-301F-11D3-BF4B-00C04F79EFBC}") = "BTD6 Paragon Sentry In Shop", "Mods\MelonLoader\Bloons Tower Defense 6\Up To Date\BTD6 Paragon Sentry In Shop\BTD6 Paragon Sentry In Shop.csproj", "{D273A371-950D-40B7-A496-478B53A6403C}"
EndProject
Project("{FAE04EC0-301F-11D3-BF4B-00C04F79EFBC}") = "BTD6 Blons Corner Map Unlocker", "Mods\MelonLoader\Bloons Tower Defense 6\Up To Date\BTD6 Blons Corner Map Unlocker\BTD6 Blons Corner Map Unlocker.csproj", "{3FE0A798-8CAB-4095-AB03-DF3DEE0C88D6}"
EndProject
Project("{FAE04EC0-301F-11D3-BF4B-00C04F79EFBC}") = "BTD6 Infinite Monkey Knowledge", "Mods\MelonLoader\Bloons Tower Defense 6\Up To Date\BTD6 Infinite Monkey Knowledge\BTD6 Infinite Monkey Knowledge.csproj", "{B307E73B-50AD-4B1E-B2DC-8CA0E1531285}"
EndProject
Project("{2150E333-8FDC-42A3-9474-1A3956D46DE8}") = "Outdated", "Outdated", "{84D585FA-6C9F-4FCC-806C-4FF208CD16EF}"
EndProject
Project("{2150E333-8FDC-42A3-9474-1A3956D46DE8}") = "Up To Date", "Up To Date", "{A288F19B-0EDA-4ACB-85ED-E2D6F725A331}"
EndProject
Project("{FAE04EC0-301F-11D3-BF4B-00C04F79EFBC}") = "BTD6 Infinite Monkey Money", "Mods\MelonLoader\Bloons Tower Defense 6\Up To Date\BTD6 Infinite Monkey Money\BTD6 Infinite Monkey Money.csproj", "{470515C3-76EB-4BD6-81A0-CBAAF3DA5CDD}"
EndProject
Project("{FAE04EC0-301F-11D3-BF4B-00C04F79EFBC}") = "BTD6 Cold Sentry In Shop", "Mods\MelonLoader\Bloons Tower Defense 6\Up To Date\BTD6 Cold Sentry In Shop\BTD6 Cold Sentry In Shop.csproj", "{5FB72301-0BD4-4D05-87B1-526D57C65762}"
EndProject
Project("{FAE04EC0-301F-11D3-BF4B-00C04F79EFBC}") = "BTD6 Crushing Sentry In Shop", "Mods\MelonLoader\Bloons Tower Defense 6\Up To Date\BTD6 Crushing Sentry In Shop\BTD6 Crushing Sentry In Shop.csproj", "{F360E3FB-373C-4E55-B363-F122766EFFD8}"
EndProject
Project("{FAE04EC0-301F-11D3-BF4B-00C04F79EFBC}") = "BTD6 Boom Sentry In Shop", "Mods\MelonLoader\Bloons Tower Defense 6\Up To Date\BTD6 Boom Sentry In Shop\BTD6 Boom Sentry In Shop.csproj", "{62B64074-92BF-4822-9057-A386A6612C64}"
EndProject
Project("{FAE04EC0-301F-11D3-BF4B-00C04F79EFBC}") = "BTD6 Sentry In Shop", "Mods\MelonLoader\Bloons Tower Defense 6\Up To Date\BTD6 Sentry In Shop\BTD6 Sentry In Shop.csproj", "{4946F039-43B2-405D-8B32-EFD147367F77}"
EndProject
Project("{FAE04EC0-301F-11D3-BF4B-00C04F79EFBC}") = "BTD6 Pontoon In Shop", "Mods\MelonLoader\Bloons Tower Defense 6\Up To Date\BTD6 Pontoon In Shop\BTD6 Pontoon In Shop.csproj", "{2982F4DB-9570-45AE-B6C6-B1806D22D76D}"
EndProject
Project("{FAE04EC0-301F-11D3-BF4B-00C04F79EFBC}") = "BTD6 Portable Lake In Shop", "Mods\MelonLoader\Bloons Tower Defense 6\Up To Date\BTD6 Portable Lake In Shop\BTD6 Portable Lake In Shop.csproj", "{727E3B5E-8995-4C57-8DBB-B761ACC1BF72}"
EndProject
Project("{FAE04EC0-301F-11D3-BF4B-00C04F79EFBC}") = "BTD6 Energising Totem In Shop", "Mods\MelonLoader\Bloons Tower Defense 6\Up To Date\BTD6 Energising Totem In Shop\BTD6 Energising Totem In Shop.csproj", "{3268A291-8F89-4FF6-AC55-A2ECD3A1DBF8}"
EndProject
Project("{FAE04EC0-301F-11D3-BF4B-00C04F79EFBC}") = "BTD6 Banana Farmer In Shop", "Mods\MelonLoader\Bloons Tower Defense 6\Up To Date\BTD6 Banana Farmer In Shop\BTD6 Banana Farmer In Shop.csproj", "{CA5C5F1D-7C0B-4563-9C0A-38AD78B01F59}"
EndProject
Project("{FAE04EC0-301F-11D3-BF4B-00C04F79EFBC}") = "BTD6 Tech Bot In Shop", "Mods\MelonLoader\Bloons Tower Defense 6\Up To Date\BTD6 Tech Bot In Shop\BTD6 Tech Bot In Shop.csproj", "{2A4C31C9-2E99-48CE-B06B-9DD7C0F6C238}"
EndProject
Project("{FAE04EC0-301F-11D3-BF4B-00C04F79EFBC}") = "BTD6 Cave Monkey In Shop", "Mods\MelonLoader\Bloons Tower Defense 6\Up To Date\BTD6 Cave Monkey In Shop\BTD6 Cave Monkey In Shop.csproj", "{D17257E0-5983-4097-AA12-F6C63D9C5EA3}"
EndProject
Project("{FAE04EC0-301F-11D3-BF4B-00C04F79EFBC}") = "BTD6 Trivia", "Mods\MelonLoader\Bloons Tower Defense 6\Up To Date\BTD6 Trivia\BTD6 Trivia.csproj", "{7DD4DEBF-EAC0-4A45-9508-979CAB4AE489}"
EndProject
Project("{FAE04EC0-301F-11D3-BF4B-00C04F79EFBC}") = "BTD6 Marine In Shop", "Mods\MelonLoader\Bloons Tower Defense 6\Up To Date\BTD6 Marine In Shop\BTD6 Marine In Shop.csproj", "{A0132E0B-0CEE-4139-B407-F9E7D32AA4F4}"
EndProject
Project("{FAE04EC0-301F-11D3-BF4B-00C04F79EFBC}") = "Valheim Chat Tweaks", "Mods\BepInEx\Valheim\Up To Date\Valheim Chat Tweaks\Valheim Chat Tweaks.csproj", "{0D62A76A-CF0B-4DB8-B02C-B18E21D9219E}"
EndProject
Project("{FAE04EC0-301F-11D3-BF4B-00C04F79EFBC}") = "MoreMaxMemes", "Mods\Rimworld\MoreMaxMemes\Source\1.3\MoreMaxMemes\MoreMaxMemes.csproj", "{482DA951-DF8E-4D3E-B220-028FB8FBB62F}"
EndProject
Project("{2150E333-8FDC-42A3-9474-1A3956D46DE8}") = "Rimworld", "Rimworld", "{557B5916-01BE-4C53-A778-830D1A40B480}"
EndProject
Project("{2150E333-8FDC-42A3-9474-1A3956D46DE8}") = "MoreMaxMemes", "MoreMaxMemes", "{4617FFCA-CCB0-4881-8274-A9410C94F141}"
EndProject
Project("{2150E333-8FDC-42A3-9474-1A3956D46DE8}") = "1.3", "1.3", "{21D5DF76-54F4-4267-A7BA-5296FE410CF6}"
EndProject
Project("{2150E333-8FDC-42A3-9474-1A3956D46DE8}") = "Source", "Source", "{E17FD963-4FEE-4632-9B67-055C38EAA9D1}"
EndProject
Project("{FAE04EC0-301F-11D3-BF4B-00C04F79EFBC}") = "Skin", "Mods\BepInEx\Surgeon Simulator 2\Up To Date\Skin\Skin.csproj", "{E4C2B1F2-8DC6-46B0-A336-6537533318AF}"
EndProject
Project("{2150E333-8FDC-42A3-9474-1A3956D46DE8}") = "Surgeon Simulator 2", "Surgeon Simulator 2", "{2D82490F-124D-42BA-A4A6-82F2815AA65B}"
EndProject
Project("{2150E333-8FDC-42A3-9474-1A3956D46DE8}") = "Up To Date", "Up To Date", "{CC1CF667-255E-461F-A3CF-B4CC614CAEFC}"
EndProject
Global
	GlobalSection(SolutionConfigurationPlatforms) = preSolution
		Debug|Any CPU = Debug|Any CPU
		Release|Any CPU = Release|Any CPU
	EndGlobalSection
	GlobalSection(ProjectConfigurationPlatforms) = postSolution
		{B30870F3-79C5-4FAB-890F-01B2CC9926B0}.Debug|Any CPU.ActiveCfg = Debug|Any CPU
		{B30870F3-79C5-4FAB-890F-01B2CC9926B0}.Debug|Any CPU.Build.0 = Debug|Any CPU
		{B30870F3-79C5-4FAB-890F-01B2CC9926B0}.Release|Any CPU.ActiveCfg = Release|Any CPU
		{B30870F3-79C5-4FAB-890F-01B2CC9926B0}.Release|Any CPU.Build.0 = Release|Any CPU
		{B9840C9D-480E-4A5F-809E-CC8BB0C15EEE}.Debug|Any CPU.ActiveCfg = Debug|Any CPU
		{B9840C9D-480E-4A5F-809E-CC8BB0C15EEE}.Debug|Any CPU.Build.0 = Debug|Any CPU
		{B9840C9D-480E-4A5F-809E-CC8BB0C15EEE}.Release|Any CPU.ActiveCfg = Release|Any CPU
		{B9840C9D-480E-4A5F-809E-CC8BB0C15EEE}.Release|Any CPU.Build.0 = Release|Any CPU
		{E7598DCC-A037-436A-A5AA-FC790027E7A0}.Debug|Any CPU.ActiveCfg = Debug|Any CPU
		{E7598DCC-A037-436A-A5AA-FC790027E7A0}.Debug|Any CPU.Build.0 = Debug|Any CPU
		{E7598DCC-A037-436A-A5AA-FC790027E7A0}.Release|Any CPU.ActiveCfg = Release|Any CPU
		{E7598DCC-A037-436A-A5AA-FC790027E7A0}.Release|Any CPU.Build.0 = Release|Any CPU
		{212FB473-559B-4948-A0CA-1456C0A5A79A}.Debug|Any CPU.ActiveCfg = Debug|Any CPU
		{212FB473-559B-4948-A0CA-1456C0A5A79A}.Debug|Any CPU.Build.0 = Debug|Any CPU
		{212FB473-559B-4948-A0CA-1456C0A5A79A}.Release|Any CPU.ActiveCfg = Release|Any CPU
		{212FB473-559B-4948-A0CA-1456C0A5A79A}.Release|Any CPU.Build.0 = Release|Any CPU
		{B5B63DFB-AD87-40DC-86A7-1C50CECFC939}.Debug|Any CPU.ActiveCfg = Debug|Any CPU
		{B5B63DFB-AD87-40DC-86A7-1C50CECFC939}.Debug|Any CPU.Build.0 = Debug|Any CPU
		{B5B63DFB-AD87-40DC-86A7-1C50CECFC939}.Release|Any CPU.ActiveCfg = Release|Any CPU
		{B5B63DFB-AD87-40DC-86A7-1C50CECFC939}.Release|Any CPU.Build.0 = Release|Any CPU
		{E927CF0C-1BE4-4344-8FC7-B815844C5E4D}.Debug|Any CPU.ActiveCfg = Debug|Any CPU
		{E927CF0C-1BE4-4344-8FC7-B815844C5E4D}.Debug|Any CPU.Build.0 = Debug|Any CPU
		{E927CF0C-1BE4-4344-8FC7-B815844C5E4D}.Release|Any CPU.ActiveCfg = Release|Any CPU
		{E927CF0C-1BE4-4344-8FC7-B815844C5E4D}.Release|Any CPU.Build.0 = Release|Any CPU
		{47C90BCA-8340-4A74-8462-2EE2EC0E0EDB}.Debug|Any CPU.ActiveCfg = Debug|Any CPU
		{47C90BCA-8340-4A74-8462-2EE2EC0E0EDB}.Debug|Any CPU.Build.0 = Debug|Any CPU
		{47C90BCA-8340-4A74-8462-2EE2EC0E0EDB}.Release|Any CPU.ActiveCfg = Release|Any CPU
		{47C90BCA-8340-4A74-8462-2EE2EC0E0EDB}.Release|Any CPU.Build.0 = Release|Any CPU
		{9060D923-4A66-4468-A6A1-EB76B7CCB9B1}.Debug|Any CPU.ActiveCfg = Debug|Any CPU
		{9060D923-4A66-4468-A6A1-EB76B7CCB9B1}.Debug|Any CPU.Build.0 = Debug|Any CPU
		{9060D923-4A66-4468-A6A1-EB76B7CCB9B1}.Release|Any CPU.ActiveCfg = Release|Any CPU
		{9060D923-4A66-4468-A6A1-EB76B7CCB9B1}.Release|Any CPU.Build.0 = Release|Any CPU
		{7DA4F7CF-F13A-4942-AB04-44FB1F6678E2}.Debug|Any CPU.ActiveCfg = Debug|Any CPU
		{7DA4F7CF-F13A-4942-AB04-44FB1F6678E2}.Debug|Any CPU.Build.0 = Debug|Any CPU
		{7DA4F7CF-F13A-4942-AB04-44FB1F6678E2}.Release|Any CPU.ActiveCfg = Release|Any CPU
		{7DA4F7CF-F13A-4942-AB04-44FB1F6678E2}.Release|Any CPU.Build.0 = Release|Any CPU
		{2E0C2CC7-99AB-44DA-A3BF-14BB2A260436}.Debug|Any CPU.ActiveCfg = Debug|Any CPU
		{2E0C2CC7-99AB-44DA-A3BF-14BB2A260436}.Debug|Any CPU.Build.0 = Debug|Any CPU
		{2E0C2CC7-99AB-44DA-A3BF-14BB2A260436}.Release|Any CPU.ActiveCfg = Release|Any CPU
		{2E0C2CC7-99AB-44DA-A3BF-14BB2A260436}.Release|Any CPU.Build.0 = Release|Any CPU
		{83EB4046-5C4D-44E2-9D55-98A663FF95B2}.Debug|Any CPU.ActiveCfg = Debug|Any CPU
		{83EB4046-5C4D-44E2-9D55-98A663FF95B2}.Debug|Any CPU.Build.0 = Debug|Any CPU
		{83EB4046-5C4D-44E2-9D55-98A663FF95B2}.Release|Any CPU.ActiveCfg = Release|Any CPU
		{83EB4046-5C4D-44E2-9D55-98A663FF95B2}.Release|Any CPU.Build.0 = Release|Any CPU
		{77BC65E2-F2B4-4703-8A95-6EEC24BC5403}.Debug|Any CPU.ActiveCfg = Debug|Any CPU
		{77BC65E2-F2B4-4703-8A95-6EEC24BC5403}.Debug|Any CPU.Build.0 = Debug|Any CPU
		{77BC65E2-F2B4-4703-8A95-6EEC24BC5403}.Release|Any CPU.ActiveCfg = Release|Any CPU
		{77BC65E2-F2B4-4703-8A95-6EEC24BC5403}.Release|Any CPU.Build.0 = Release|Any CPU
		{D273A371-950D-40B7-A496-478B53A6403C}.Debug|Any CPU.ActiveCfg = Debug|Any CPU
		{D273A371-950D-40B7-A496-478B53A6403C}.Debug|Any CPU.Build.0 = Debug|Any CPU
		{D273A371-950D-40B7-A496-478B53A6403C}.Release|Any CPU.ActiveCfg = Release|Any CPU
		{D273A371-950D-40B7-A496-478B53A6403C}.Release|Any CPU.Build.0 = Release|Any CPU
		{3FE0A798-8CAB-4095-AB03-DF3DEE0C88D6}.Debug|Any CPU.ActiveCfg = Debug|Any CPU
		{3FE0A798-8CAB-4095-AB03-DF3DEE0C88D6}.Debug|Any CPU.Build.0 = Debug|Any CPU
		{3FE0A798-8CAB-4095-AB03-DF3DEE0C88D6}.Release|Any CPU.ActiveCfg = Release|Any CPU
		{3FE0A798-8CAB-4095-AB03-DF3DEE0C88D6}.Release|Any CPU.Build.0 = Release|Any CPU
		{B307E73B-50AD-4B1E-B2DC-8CA0E1531285}.Debug|Any CPU.ActiveCfg = Debug|Any CPU
		{B307E73B-50AD-4B1E-B2DC-8CA0E1531285}.Debug|Any CPU.Build.0 = Debug|Any CPU
		{B307E73B-50AD-4B1E-B2DC-8CA0E1531285}.Release|Any CPU.ActiveCfg = Release|Any CPU
		{B307E73B-50AD-4B1E-B2DC-8CA0E1531285}.Release|Any CPU.Build.0 = Release|Any CPU
		{470515C3-76EB-4BD6-81A0-CBAAF3DA5CDD}.Debug|Any CPU.ActiveCfg = Debug|Any CPU
		{470515C3-76EB-4BD6-81A0-CBAAF3DA5CDD}.Debug|Any CPU.Build.0 = Debug|Any CPU
		{470515C3-76EB-4BD6-81A0-CBAAF3DA5CDD}.Release|Any CPU.ActiveCfg = Release|Any CPU
		{470515C3-76EB-4BD6-81A0-CBAAF3DA5CDD}.Release|Any CPU.Build.0 = Release|Any CPU
		{5FB72301-0BD4-4D05-87B1-526D57C65762}.Debug|Any CPU.ActiveCfg = Debug|Any CPU
		{5FB72301-0BD4-4D05-87B1-526D57C65762}.Debug|Any CPU.Build.0 = Debug|Any CPU
		{5FB72301-0BD4-4D05-87B1-526D57C65762}.Release|Any CPU.ActiveCfg = Release|Any CPU
		{5FB72301-0BD4-4D05-87B1-526D57C65762}.Release|Any CPU.Build.0 = Release|Any CPU
		{F360E3FB-373C-4E55-B363-F122766EFFD8}.Debug|Any CPU.ActiveCfg = Debug|Any CPU
		{F360E3FB-373C-4E55-B363-F122766EFFD8}.Debug|Any CPU.Build.0 = Debug|Any CPU
		{F360E3FB-373C-4E55-B363-F122766EFFD8}.Release|Any CPU.ActiveCfg = Release|Any CPU
		{F360E3FB-373C-4E55-B363-F122766EFFD8}.Release|Any CPU.Build.0 = Release|Any CPU
		{62B64074-92BF-4822-9057-A386A6612C64}.Debug|Any CPU.ActiveCfg = Debug|Any CPU
		{62B64074-92BF-4822-9057-A386A6612C64}.Debug|Any CPU.Build.0 = Debug|Any CPU
		{62B64074-92BF-4822-9057-A386A6612C64}.Release|Any CPU.ActiveCfg = Release|Any CPU
		{62B64074-92BF-4822-9057-A386A6612C64}.Release|Any CPU.Build.0 = Release|Any CPU
		{4946F039-43B2-405D-8B32-EFD147367F77}.Debug|Any CPU.ActiveCfg = Debug|Any CPU
		{4946F039-43B2-405D-8B32-EFD147367F77}.Debug|Any CPU.Build.0 = Debug|Any CPU
		{4946F039-43B2-405D-8B32-EFD147367F77}.Release|Any CPU.ActiveCfg = Release|Any CPU
		{4946F039-43B2-405D-8B32-EFD147367F77}.Release|Any CPU.Build.0 = Release|Any CPU
		{2982F4DB-9570-45AE-B6C6-B1806D22D76D}.Debug|Any CPU.ActiveCfg = Debug|Any CPU
		{2982F4DB-9570-45AE-B6C6-B1806D22D76D}.Debug|Any CPU.Build.0 = Debug|Any CPU
		{2982F4DB-9570-45AE-B6C6-B1806D22D76D}.Release|Any CPU.ActiveCfg = Release|Any CPU
		{2982F4DB-9570-45AE-B6C6-B1806D22D76D}.Release|Any CPU.Build.0 = Release|Any CPU
		{727E3B5E-8995-4C57-8DBB-B761ACC1BF72}.Debug|Any CPU.ActiveCfg = Debug|Any CPU
		{727E3B5E-8995-4C57-8DBB-B761ACC1BF72}.Debug|Any CPU.Build.0 = Debug|Any CPU
		{727E3B5E-8995-4C57-8DBB-B761ACC1BF72}.Release|Any CPU.ActiveCfg = Release|Any CPU
		{727E3B5E-8995-4C57-8DBB-B761ACC1BF72}.Release|Any CPU.Build.0 = Release|Any CPU
		{3268A291-8F89-4FF6-AC55-A2ECD3A1DBF8}.Debug|Any CPU.ActiveCfg = Debug|Any CPU
		{3268A291-8F89-4FF6-AC55-A2ECD3A1DBF8}.Debug|Any CPU.Build.0 = Debug|Any CPU
		{3268A291-8F89-4FF6-AC55-A2ECD3A1DBF8}.Release|Any CPU.ActiveCfg = Release|Any CPU
		{3268A291-8F89-4FF6-AC55-A2ECD3A1DBF8}.Release|Any CPU.Build.0 = Release|Any CPU
		{CA5C5F1D-7C0B-4563-9C0A-38AD78B01F59}.Debug|Any CPU.ActiveCfg = Debug|Any CPU
		{CA5C5F1D-7C0B-4563-9C0A-38AD78B01F59}.Debug|Any CPU.Build.0 = Debug|Any CPU
		{CA5C5F1D-7C0B-4563-9C0A-38AD78B01F59}.Release|Any CPU.ActiveCfg = Release|Any CPU
		{CA5C5F1D-7C0B-4563-9C0A-38AD78B01F59}.Release|Any CPU.Build.0 = Release|Any CPU
		{2A4C31C9-2E99-48CE-B06B-9DD7C0F6C238}.Debug|Any CPU.ActiveCfg = Debug|Any CPU
		{2A4C31C9-2E99-48CE-B06B-9DD7C0F6C238}.Debug|Any CPU.Build.0 = Debug|Any CPU
		{2A4C31C9-2E99-48CE-B06B-9DD7C0F6C238}.Release|Any CPU.ActiveCfg = Release|Any CPU
		{2A4C31C9-2E99-48CE-B06B-9DD7C0F6C238}.Release|Any CPU.Build.0 = Release|Any CPU
		{D17257E0-5983-4097-AA12-F6C63D9C5EA3}.Debug|Any CPU.ActiveCfg = Debug|Any CPU
		{D17257E0-5983-4097-AA12-F6C63D9C5EA3}.Debug|Any CPU.Build.0 = Debug|Any CPU
		{D17257E0-5983-4097-AA12-F6C63D9C5EA3}.Release|Any CPU.ActiveCfg = Release|Any CPU
		{D17257E0-5983-4097-AA12-F6C63D9C5EA3}.Release|Any CPU.Build.0 = Release|Any CPU
		{7DD4DEBF-EAC0-4A45-9508-979CAB4AE489}.Debug|Any CPU.ActiveCfg = Debug|Any CPU
		{7DD4DEBF-EAC0-4A45-9508-979CAB4AE489}.Debug|Any CPU.Build.0 = Debug|Any CPU
		{7DD4DEBF-EAC0-4A45-9508-979CAB4AE489}.Release|Any CPU.ActiveCfg = Release|Any CPU
		{7DD4DEBF-EAC0-4A45-9508-979CAB4AE489}.Release|Any CPU.Build.0 = Release|Any CPU
		{A0132E0B-0CEE-4139-B407-F9E7D32AA4F4}.Debug|Any CPU.ActiveCfg = Debug|Any CPU
		{A0132E0B-0CEE-4139-B407-F9E7D32AA4F4}.Debug|Any CPU.Build.0 = Debug|Any CPU
		{A0132E0B-0CEE-4139-B407-F9E7D32AA4F4}.Release|Any CPU.ActiveCfg = Release|Any CPU
		{A0132E0B-0CEE-4139-B407-F9E7D32AA4F4}.Release|Any CPU.Build.0 = Release|Any CPU
		{0D62A76A-CF0B-4DB8-B02C-B18E21D9219E}.Debug|Any CPU.ActiveCfg = Debug|Any CPU
		{0D62A76A-CF0B-4DB8-B02C-B18E21D9219E}.Debug|Any CPU.Build.0 = Debug|Any CPU
		{0D62A76A-CF0B-4DB8-B02C-B18E21D9219E}.Release|Any CPU.ActiveCfg = Release|Any CPU
		{0D62A76A-CF0B-4DB8-B02C-B18E21D9219E}.Release|Any CPU.Build.0 = Release|Any CPU
		{482DA951-DF8E-4D3E-B220-028FB8FBB62F}.Debug|Any CPU.ActiveCfg = Debug|Any CPU
		{482DA951-DF8E-4D3E-B220-028FB8FBB62F}.Debug|Any CPU.Build.0 = Debug|Any CPU
		{482DA951-DF8E-4D3E-B220-028FB8FBB62F}.Release|Any CPU.ActiveCfg = Release|Any CPU
		{482DA951-DF8E-4D3E-B220-028FB8FBB62F}.Release|Any CPU.Build.0 = Release|Any CPU
		{E4C2B1F2-8DC6-46B0-A336-6537533318AF}.Debug|Any CPU.ActiveCfg = Debug|Any CPU
		{E4C2B1F2-8DC6-46B0-A336-6537533318AF}.Debug|Any CPU.Build.0 = Debug|Any CPU
		{E4C2B1F2-8DC6-46B0-A336-6537533318AF}.Release|Any CPU.ActiveCfg = Release|Any CPU
		{E4C2B1F2-8DC6-46B0-A336-6537533318AF}.Release|Any CPU.Build.0 = Release|Any CPU
	EndGlobalSection
	GlobalSection(SolutionProperties) = preSolution
		HideSolutionNode = FALSE
	EndGlobalSection
	GlobalSection(NestedProjects) = preSolution
		{BE617016-F119-4B46-8DC9-BDD318CC3E49} = {F0F1F8C9-6B3C-4726-AD96-E75387C94ACA}
		{4A2CF83C-7A29-4CC7-AB00-997C9899050D} = {376C2A90-46D6-4AB0-941B-7B4B52B2E697}
		{B30870F3-79C5-4FAB-890F-01B2CC9926B0} = {A288F19B-0EDA-4ACB-85ED-E2D6F725A331}
		{B9840C9D-480E-4A5F-809E-CC8BB0C15EEE} = {A288F19B-0EDA-4ACB-85ED-E2D6F725A331}
		{E7598DCC-A037-436A-A5AA-FC790027E7A0} = {A288F19B-0EDA-4ACB-85ED-E2D6F725A331}
		{212FB473-559B-4948-A0CA-1456C0A5A79A} = {A643DF52-2371-4047-8D69-2A6D2019112A}
		{59FEEE29-8310-4C7F-8668-051FE7718FDB} = {376C2A90-46D6-4AB0-941B-7B4B52B2E697}
		{B5B63DFB-AD87-40DC-86A7-1C50CECFC939} = {84D585FA-6C9F-4FCC-806C-4FF208CD16EF}
		{E927CF0C-1BE4-4344-8FC7-B815844C5E4D} = {84D585FA-6C9F-4FCC-806C-4FF208CD16EF}
		{A643DF52-2371-4047-8D69-2A6D2019112A} = {4A2CF83C-7A29-4CC7-AB00-997C9899050D}
		{A641D7FB-ACB4-40D9-B8C1-56E40ADDB2D0} = {4A2CF83C-7A29-4CC7-AB00-997C9899050D}
		{47C90BCA-8340-4A74-8462-2EE2EC0E0EDB} = {A643DF52-2371-4047-8D69-2A6D2019112A}
		{9060D923-4A66-4468-A6A1-EB76B7CCB9B1} = {A641D7FB-ACB4-40D9-B8C1-56E40ADDB2D0}
		{7DA4F7CF-F13A-4942-AB04-44FB1F6678E2} = {A643DF52-2371-4047-8D69-2A6D2019112A}
		{2E0C2CC7-99AB-44DA-A3BF-14BB2A260436} = {A643DF52-2371-4047-8D69-2A6D2019112A}
		{83EB4046-5C4D-44E2-9D55-98A663FF95B2} = {A643DF52-2371-4047-8D69-2A6D2019112A}
		{77BC65E2-F2B4-4703-8A95-6EEC24BC5403} = {A643DF52-2371-4047-8D69-2A6D2019112A}
		{D273A371-950D-40B7-A496-478B53A6403C} = {A643DF52-2371-4047-8D69-2A6D2019112A}
		{3FE0A798-8CAB-4095-AB03-DF3DEE0C88D6} = {A643DF52-2371-4047-8D69-2A6D2019112A}
		{B307E73B-50AD-4B1E-B2DC-8CA0E1531285} = {A643DF52-2371-4047-8D69-2A6D2019112A}
		{84D585FA-6C9F-4FCC-806C-4FF208CD16EF} = {59FEEE29-8310-4C7F-8668-051FE7718FDB}
		{A288F19B-0EDA-4ACB-85ED-E2D6F725A331} = {BE617016-F119-4B46-8DC9-BDD318CC3E49}
		{470515C3-76EB-4BD6-81A0-CBAAF3DA5CDD} = {A643DF52-2371-4047-8D69-2A6D2019112A}
		{5FB72301-0BD4-4D05-87B1-526D57C65762} = {A643DF52-2371-4047-8D69-2A6D2019112A}
		{F360E3FB-373C-4E55-B363-F122766EFFD8} = {A643DF52-2371-4047-8D69-2A6D2019112A}
		{62B64074-92BF-4822-9057-A386A6612C64} = {A643DF52-2371-4047-8D69-2A6D2019112A}
		{4946F039-43B2-405D-8B32-EFD147367F77} = {A643DF52-2371-4047-8D69-2A6D2019112A}
		{2982F4DB-9570-45AE-B6C6-B1806D22D76D} = {A643DF52-2371-4047-8D69-2A6D2019112A}
		{727E3B5E-8995-4C57-8DBB-B761ACC1BF72} = {A643DF52-2371-4047-8D69-2A6D2019112A}
		{3268A291-8F89-4FF6-AC55-A2ECD3A1DBF8} = {A643DF52-2371-4047-8D69-2A6D2019112A}
		{CA5C5F1D-7C0B-4563-9C0A-38AD78B01F59} = {A643DF52-2371-4047-8D69-2A6D2019112A}
		{2A4C31C9-2E99-48CE-B06B-9DD7C0F6C238} = {A643DF52-2371-4047-8D69-2A6D2019112A}
		{D17257E0-5983-4097-AA12-F6C63D9C5EA3} = {A643DF52-2371-4047-8D69-2A6D2019112A}
		{7DD4DEBF-EAC0-4A45-9508-979CAB4AE489} = {A643DF52-2371-4047-8D69-2A6D2019112A}
		{A0132E0B-0CEE-4139-B407-F9E7D32AA4F4} = {A643DF52-2371-4047-8D69-2A6D2019112A}
		{0D62A76A-CF0B-4DB8-B02C-B18E21D9219E} = {A288F19B-0EDA-4ACB-85ED-E2D6F725A331}
		{482DA951-DF8E-4D3E-B220-028FB8FBB62F} = {21D5DF76-54F4-4267-A7BA-5296FE410CF6}
		{4617FFCA-CCB0-4881-8274-A9410C94F141} = {557B5916-01BE-4C53-A778-830D1A40B480}
		{21D5DF76-54F4-4267-A7BA-5296FE410CF6} = {E17FD963-4FEE-4632-9B67-055C38EAA9D1}
		{E17FD963-4FEE-4632-9B67-055C38EAA9D1} = {4617FFCA-CCB0-4881-8274-A9410C94F141}
		{E4C2B1F2-8DC6-46B0-A336-6537533318AF} = {CC1CF667-255E-461F-A3CF-B4CC614CAEFC}
		{2D82490F-124D-42BA-A4A6-82F2815AA65B} = {F0F1F8C9-6B3C-4726-AD96-E75387C94ACA}
		{CC1CF667-255E-461F-A3CF-B4CC614CAEFC} = {2D82490F-124D-42BA-A4A6-82F2815AA65B}
	EndGlobalSection
	GlobalSection(ExtensibilityGlobals) = postSolution
		SolutionGuid = {A7A2361B-5DC9-407F-8514-5E3E457D80B4}
	EndGlobalSection
EndGlobal
