
Microsoft Visual Studio Solution File, Format Version 12.00
# Visual Studio Version 17
VisualStudioVersion = 17.0.32112.339
MinimumVisualStudioVersion = 10.0.40219.1
Project("{2150E333-8FDC-42A3-9474-1A3956D46DE8}") = "Valheim", "Valheim", "{BE617016-F119-4B46-8DC9-BDD318CC3E49}"
EndProject
Project("{FAE04EC0-301F-11D3-BF4B-00C04F79EFBC}") = "Valheim Zero Two Hair", "Mods\Valheim\Maintained\Valheim Zero Two Hair\Valheim Zero Two Hair.csproj", "{B30870F3-79C5-4FAB-890F-01B2CC9926B0}"
EndProject
Project("{FAE04EC0-301F-11D3-BF4B-00C04F79EFBC}") = "Valheim Women With Beards", "Mods\Valheim\Maintained\Valheim Women With Beards\Valheim Women With Beards.csproj", "{B9840C9D-480E-4A5F-809E-CC8BB0C15EEE}"
EndProject
Project("{FAE04EC0-301F-11D3-BF4B-00C04F79EFBC}") = "Valheim Minecraft Steve Hairstyle", "Mods\Valheim\Maintained\Valheim Minecraft Steve Hairstyle\Valheim Minecraft Steve Hairstyle.csproj", "{E7598DCC-A037-436A-A5AA-FC790027E7A0}"
EndProject
Project("{2150E333-8FDC-42A3-9474-1A3956D46DE8}") = "Maintained", "Maintained", "{A288F19B-0EDA-4ACB-85ED-E2D6F725A331}"
EndProject
Project("{FAE04EC0-301F-11D3-BF4B-00C04F79EFBC}") = "Valheim Chat Tweaks", "Mods\Valheim\Maintained\Valheim Chat Tweaks\Valheim Chat Tweaks.csproj", "{0D62A76A-CF0B-4DB8-B02C-B18E21D9219E}"
EndProject
Global
	GlobalSection(SolutionConfigurationPlatforms) = preSolution
		Debug|Any CPU = Debug|Any CPU
		Release|Any CPU = Release|Any CPU
	EndGlobalSection
	GlobalSection(ProjectConfigurationPlatforms) = postSolution
		{B30870F3-79C5-4FAB-890F-01B2CC9926B0}.Debug|Any CPU.ActiveCfg = Debug|Any CPU
		{B30870F3-79C5-4FAB-890F-01B2CC9926B0}.Debug|Any CPU.Build.0 = Debug|Any CPU
		{B30870F3-79C5-4FAB-890F-01B2CC9926B0}.Release|Any CPU.ActiveCfg = Release|Any CPU
		{B30870F3-79C5-4FAB-890F-01B2CC9926B0}.Release|Any CPU.Build.0 = Release|Any CPU
		{B9840C9D-480E-4A5F-809E-CC8BB0C15EEE}.Debug|Any CPU.ActiveCfg = Debug|Any CPU
		{B9840C9D-480E-4A5F-809E-CC8BB0C15EEE}.Debug|Any CPU.Build.0 = Debug|Any CPU
		{B9840C9D-480E-4A5F-809E-CC8BB0C15EEE}.Release|Any CPU.ActiveCfg = Release|Any CPU
		{B9840C9D-480E-4A5F-809E-CC8BB0C15EEE}.Release|Any CPU.Build.0 = Release|Any CPU
		{E7598DCC-A037-436A-A5AA-FC790027E7A0}.Debug|Any CPU.ActiveCfg = Debug|Any CPU
		{E7598DCC-A037-436A-A5AA-FC790027E7A0}.Debug|Any CPU.Build.0 = Debug|Any CPU
		{E7598DCC-A037-436A-A5AA-FC790027E7A0}.Release|Any CPU.ActiveCfg = Release|Any CPU
		{E7598DCC-A037-436A-A5AA-FC790027E7A0}.Release|Any CPU.Build.0 = Release|Any CPU
		{0D62A76A-CF0B-4DB8-B02C-B18E21D9219E}.Debug|Any CPU.ActiveCfg = Debug|Any CPU
		{0D62A76A-CF0B-4DB8-B02C-B18E21D9219E}.Debug|Any CPU.Build.0 = Debug|Any CPU
		{0D62A76A-CF0B-4DB8-B02C-B18E21D9219E}.Release|Any CPU.ActiveCfg = Release|Any CPU
		{0D62A76A-CF0B-4DB8-B02C-B18E21D9219E}.Release|Any CPU.Build.0 = Release|Any CPU
	EndGlobalSection
	GlobalSection(SolutionProperties) = preSolution
		HideSolutionNode = FALSE
	EndGlobalSection
	GlobalSection(NestedProjects) = preSolution
		{B30870F3-79C5-4FAB-890F-01B2CC9926B0} = {A288F19B-0EDA-4ACB-85ED-E2D6F725A331}
		{B9840C9D-480E-4A5F-809E-CC8BB0C15EEE} = {A288F19B-0EDA-4ACB-85ED-E2D6F725A331}
		{E7598DCC-A037-436A-A5AA-FC790027E7A0} = {A288F19B-0EDA-4ACB-85ED-E2D6F725A331}
		{A288F19B-0EDA-4ACB-85ED-E2D6F725A331} = {BE617016-F119-4B46-8DC9-BDD318CC3E49}
		{0D62A76A-CF0B-4DB8-B02C-B18E21D9219E} = {A288F19B-0EDA-4ACB-85ED-E2D6F725A331}
	EndGlobalSection
	GlobalSection(ExtensibilityGlobals) = postSolution
		SolutionGuid = {A7A2361B-5DC9-407F-8514-5E3E457D80B4}
	EndGlobalSection
EndGlobal
